
Microsoft Visual Studio Solution File, Format Version 12.00
# Visual Studio 2012
Project("{FAE04EC0-301F-11D3-BF4B-00C04F79EFBC}") = "BaseMvc.Web", "BaseMvc.Web\BaseMvc.Web.csproj", "{2378D83A-7247-4CEE-A107-1F5EDF7763CB}"
EndProject
Project("{FAE04EC0-301F-11D3-BF4B-00C04F79EFBC}") = "BaseMvc.Web.Tests", "BaseMvc.Web.Tests\BaseMvc.Web.Tests.csproj", "{16E43B1D-A503-4DAD-B4FA-6B3F3BAB3DAE}"
EndProject
Project("{2150E333-8FDC-42A3-9474-1A3956D46DE8}") = "01.Web", "01.Web", "{BE2B9D93-6265-40CB-8911-440CD6BB4633}"
EndProject
Project("{FAE04EC0-301F-11D3-BF4B-00C04F79EFBC}") = "BaseMvc.Web.Bootstrap", "BaseMvc.Web.Bootstrap\BaseMvc.Web.Bootstrap.csproj", "{29930962-064D-4876-B2A3-CEC9AE2FF492}"
EndProject
Project("{2150E333-8FDC-42A3-9474-1A3956D46DE8}") = "02.Data", "02.Data", "{3FDCC821-63E4-496D-AD59-5337A4BEB9A3}"
EndProject
Project("{FAE04EC0-301F-11D3-BF4B-00C04F79EFBC}") = "BaseMvc.Data", "BaseMvc.Data\BaseMvc.Data.csproj", "{03BA69A1-2408-4F81-8C5E-50002BDE1332}"
EndProject
Project("{FAE04EC0-301F-11D3-BF4B-00C04F79EFBC}") = "BaseMvc.Data.Bootstrap", "BaseMvc.Data.Bootstrap\BaseMvc.Data.Bootstrap.csproj", "{42FAD455-4B60-47CF-83CC-DF4657E36BBB}"
EndProject
Project("{FAE04EC0-301F-11D3-BF4B-00C04F79EFBC}") = "BaseMvc.Data.Contract", "BaseMvc.Data.Contract\BaseMvc.Data.Contract.csproj", "{6472675B-6782-40A3-BB62-5AC79662BDAE}"
EndProject
Project("{2150E333-8FDC-42A3-9474-1A3956D46DE8}") = "03.Common", "03.Common", "{EF3E277E-7753-40B2-93C3-87ADD08CC194}"
EndProject
Project("{2150E333-8FDC-42A3-9474-1A3956D46DE8}") = "99.Test", "99.Test", "{65E384B0-CE8A-44D2-ACEA-62BD0CBF35D5}"
EndProject
Project("{FAE04EC0-301F-11D3-BF4B-00C04F79EFBC}") = "BaseMvc.Model", "BaseMvc.Model\BaseMvc.Model.csproj", "{D900C971-26F0-4890-908A-287039F0F787}"
EndProject
Project("{FAE04EC0-301F-11D3-BF4B-00C04F79EFBC}") = "BaseMvc.Data.Test", "BaseMvc.Data.Test\BaseMvc.Data.Test.csproj", "{9DB65E1F-70B4-460E-80AB-17E92D8A0347}"
EndProject
Global
	GlobalSection(SolutionConfigurationPlatforms) = preSolution
		Debug|Any CPU = Debug|Any CPU
		Release|Any CPU = Release|Any CPU
	EndGlobalSection
	GlobalSection(ProjectConfigurationPlatforms) = postSolution
		{2378D83A-7247-4CEE-A107-1F5EDF7763CB}.Debug|Any CPU.ActiveCfg = Debug|Any CPU
		{2378D83A-7247-4CEE-A107-1F5EDF7763CB}.Debug|Any CPU.Build.0 = Debug|Any CPU
		{2378D83A-7247-4CEE-A107-1F5EDF7763CB}.Release|Any CPU.ActiveCfg = Release|Any CPU
		{2378D83A-7247-4CEE-A107-1F5EDF7763CB}.Release|Any CPU.Build.0 = Release|Any CPU
		{16E43B1D-A503-4DAD-B4FA-6B3F3BAB3DAE}.Debug|Any CPU.ActiveCfg = Debug|Any CPU
		{16E43B1D-A503-4DAD-B4FA-6B3F3BAB3DAE}.Debug|Any CPU.Build.0 = Debug|Any CPU
		{16E43B1D-A503-4DAD-B4FA-6B3F3BAB3DAE}.Release|Any CPU.ActiveCfg = Release|Any CPU
		{16E43B1D-A503-4DAD-B4FA-6B3F3BAB3DAE}.Release|Any CPU.Build.0 = Release|Any CPU
		{29930962-064D-4876-B2A3-CEC9AE2FF492}.Debug|Any CPU.ActiveCfg = Debug|Any CPU
		{29930962-064D-4876-B2A3-CEC9AE2FF492}.Debug|Any CPU.Build.0 = Debug|Any CPU
		{29930962-064D-4876-B2A3-CEC9AE2FF492}.Release|Any CPU.ActiveCfg = Release|Any CPU
		{29930962-064D-4876-B2A3-CEC9AE2FF492}.Release|Any CPU.Build.0 = Release|Any CPU
		{03BA69A1-2408-4F81-8C5E-50002BDE1332}.Debug|Any CPU.ActiveCfg = Debug|Any CPU
		{03BA69A1-2408-4F81-8C5E-50002BDE1332}.Debug|Any CPU.Build.0 = Debug|Any CPU
		{03BA69A1-2408-4F81-8C5E-50002BDE1332}.Release|Any CPU.ActiveCfg = Release|Any CPU
		{03BA69A1-2408-4F81-8C5E-50002BDE1332}.Release|Any CPU.Build.0 = Release|Any CPU
		{42FAD455-4B60-47CF-83CC-DF4657E36BBB}.Debug|Any CPU.ActiveCfg = Debug|Any CPU
		{42FAD455-4B60-47CF-83CC-DF4657E36BBB}.Debug|Any CPU.Build.0 = Debug|Any CPU
		{42FAD455-4B60-47CF-83CC-DF4657E36BBB}.Release|Any CPU.ActiveCfg = Release|Any CPU
		{42FAD455-4B60-47CF-83CC-DF4657E36BBB}.Release|Any CPU.Build.0 = Release|Any CPU
		{6472675B-6782-40A3-BB62-5AC79662BDAE}.Debug|Any CPU.ActiveCfg = Debug|Any CPU
		{6472675B-6782-40A3-BB62-5AC79662BDAE}.Debug|Any CPU.Build.0 = Debug|Any CPU
		{6472675B-6782-40A3-BB62-5AC79662BDAE}.Release|Any CPU.ActiveCfg = Release|Any CPU
		{6472675B-6782-40A3-BB62-5AC79662BDAE}.Release|Any CPU.Build.0 = Release|Any CPU
		{D900C971-26F0-4890-908A-287039F0F787}.Debug|Any CPU.ActiveCfg = Debug|Any CPU
		{D900C971-26F0-4890-908A-287039F0F787}.Debug|Any CPU.Build.0 = Debug|Any CPU
		{D900C971-26F0-4890-908A-287039F0F787}.Release|Any CPU.ActiveCfg = Release|Any CPU
		{D900C971-26F0-4890-908A-287039F0F787}.Release|Any CPU.Build.0 = Release|Any CPU
		{9DB65E1F-70B4-460E-80AB-17E92D8A0347}.Debug|Any CPU.ActiveCfg = Debug|Any CPU
		{9DB65E1F-70B4-460E-80AB-17E92D8A0347}.Debug|Any CPU.Build.0 = Debug|Any CPU
		{9DB65E1F-70B4-460E-80AB-17E92D8A0347}.Release|Any CPU.ActiveCfg = Release|Any CPU
		{9DB65E1F-70B4-460E-80AB-17E92D8A0347}.Release|Any CPU.Build.0 = Release|Any CPU
	EndGlobalSection
	GlobalSection(SolutionProperties) = preSolution
		HideSolutionNode = FALSE
	EndGlobalSection
	GlobalSection(NestedProjects) = preSolution
		{2378D83A-7247-4CEE-A107-1F5EDF7763CB} = {BE2B9D93-6265-40CB-8911-440CD6BB4633}
		{29930962-064D-4876-B2A3-CEC9AE2FF492} = {BE2B9D93-6265-40CB-8911-440CD6BB4633}
		{03BA69A1-2408-4F81-8C5E-50002BDE1332} = {3FDCC821-63E4-496D-AD59-5337A4BEB9A3}
		{42FAD455-4B60-47CF-83CC-DF4657E36BBB} = {3FDCC821-63E4-496D-AD59-5337A4BEB9A3}
		{6472675B-6782-40A3-BB62-5AC79662BDAE} = {3FDCC821-63E4-496D-AD59-5337A4BEB9A3}
		{D900C971-26F0-4890-908A-287039F0F787} = {EF3E277E-7753-40B2-93C3-87ADD08CC194}
		{16E43B1D-A503-4DAD-B4FA-6B3F3BAB3DAE} = {65E384B0-CE8A-44D2-ACEA-62BD0CBF35D5}
		{9DB65E1F-70B4-460E-80AB-17E92D8A0347} = {65E384B0-CE8A-44D2-ACEA-62BD0CBF35D5}
	EndGlobalSection
EndGlobal
